
Microsoft Visual Studio Solution File, Format Version 12.00
# Visual Studio 14
VisualStudioVersion = 14.0.25420.1
MinimumVisualStudioVersion = 10.0.40219.1
Project("{2150E333-8FDC-42A3-9474-1A3956D46DE8}") = "1. Presentation", "1. Presentation", "{2D1621F3-C206-4CCD-B883-66B84C2E3078}"
EndProject
Project("{2150E333-8FDC-42A3-9474-1A3956D46DE8}") = "5. Infrastructure", "5. Infrastructure", "{A4003CD7-7BD6-4EDC-8CF4-589953634D86}"
EndProject
Project("{2150E333-8FDC-42A3-9474-1A3956D46DE8}") = "5.2 CrossCutting", "5.2 CrossCutting", "{34477C97-C90F-448B-A931-D51A0B347F79}"
EndProject
Project("{2150E333-8FDC-42A3-9474-1A3956D46DE8}") = "5.1 Data", "5.1 Data", "{A9B76F82-758B-46E2-9182-E6D0320CF270}"
EndProject
Project("{2150E333-8FDC-42A3-9474-1A3956D46DE8}") = "3. Application", "3. Application", "{FCED25DA-50A7-4CDD-BEAD-816765B8410B}"
EndProject
Project("{2150E333-8FDC-42A3-9474-1A3956D46DE8}") = "4. Domain", "4. Domain", "{2F0DC421-76F1-48CC-AF7B-91CF88423553}"
EndProject
Project("{2150E333-8FDC-42A3-9474-1A3956D46DE8}") = "2. Distributed Services", "2. Distributed Services", "{CAF9E926-9507-4559-87FE-F660B31EF40E}"
EndProject
Project("{FAE04EC0-301F-11D3-BF4B-00C04F79EFBC}") = "EMS.Infra.CrossCutting.Log", "EMS.Infra.CrossCutting.Log\EMS.Infra.CrossCutting.Log.csproj", "{E332A677-9335-4282-B882-4A3103C66F74}"
EndProject
Project("{FAE04EC0-301F-11D3-BF4B-00C04F79EFBC}") = "EMS.Domain", "EMS.Domain\EMS.Domain.csproj", "{5B727FC1-09B7-48F0-93E2-5D592E4DF071}"
EndProject
Project("{FAE04EC0-301F-11D3-BF4B-00C04F79EFBC}") = "EMS.UI", "EMS.UI\EMS.UI.csproj", "{3E80F895-155C-4C1B-8CBC-7F2534E5686C}"
EndProject
Project("{FAE04EC0-301F-11D3-BF4B-00C04F79EFBC}") = "EMS.Application", "EMS.Application\EMS.Application.csproj", "{40F1CD73-4668-4229-A13C-06476F276A26}"
EndProject
Project("{FAE04EC0-301F-11D3-BF4B-00C04F79EFBC}") = "EMS.Core", "EMS.Core\EMS.Core.csproj", "{B0A5A4CF-BA80-40A4-9058-C248381612B7}"
EndProject
Project("{FAE04EC0-301F-11D3-BF4B-00C04F79EFBC}") = "EMS.Infra.Repository", "EMS.Infra.Repository\EMS.Infra.Repository.csproj", "{01F213A3-92EA-49A8-9DF5-EF789C4CA217}"
EndProject
Project("{2150E333-8FDC-42A3-9474-1A3956D46DE8}") = "0. Core", "0. Core", "{F1D952D1-37F3-4B32-96E7-EEC566DFBAAC}"
EndProject
Project("{FAE04EC0-301F-11D3-BF4B-00C04F79EFBC}") = "EMS.Domain.Services", "EMS.Domain.Services\EMS.Domain.Services.csproj", "{B08951E0-93AF-4918-9DB3-7DEF78056C4B}"
EndProject
Project("{2150E333-8FDC-42A3-9474-1A3956D46DE8}") = "-   Documents", "-   Documents", "{931BCF80-145E-41F8-9127-067A3BB7DBEA}"
EndProject
Project("{FAE04EC0-301F-11D3-BF4B-00C04F79EFBC}") = "EMS.Infra.Data", "EMS.Infra.Data\EMS.Infra.Data.csproj", "{16590E97-DB51-4A24-AA87-5187AB62AB7E}"
EndProject
Project("{FAE04EC0-301F-11D3-BF4B-00C04F79EFBC}") = "EMS.Services", "EMS.Services\EMS.Services.csproj", "{ECCB98ED-66E4-41A9-BFF4-2A2B1046BCDC}"
EndProject
Project("{FAE04EC0-301F-11D3-BF4B-00C04F79EFBC}") = "EMS.Services.Tests", "EMS.Services.Tests\EMS.Services.Tests.csproj", "{77CDE134-D2DC-4283-AEFD-2ABDCD8D5977}"
EndProject
Project("{FAE04EC0-301F-11D3-BF4B-00C04F79EFBC}") = "EMS.Infra.CrossCutting.Ioc", "EMS.Infra.CrossCutting.Ioc\EMS.Infra.CrossCutting.Ioc.csproj", "{2684ECAA-8187-4CBD-ADB8-555E22849F16}"
EndProject
Project("{FAE04EC0-301F-11D3-BF4B-00C04F79EFBC}") = "EMS.Infra.CrossCutting.Automapper", "EMS.Infra.CrossCutting.Automapper\EMS.Infra.CrossCutting.Automapper.csproj", "{E1B39912-036A-469A-944C-1A03AB4AFF15}"
EndProject
Project("{FAE04EC0-301F-11D3-BF4B-00C04F79EFBC}") = "EMS.Infra.CrossCutting.Config", "EMS.Infra.CrossCutting.Config\EMS.Infra.CrossCutting.Config.csproj", "{AAD8D576-9ED3-4646-AAD6-5CD73492F82F}"
EndProject
Project("{FAE04EC0-301F-11D3-BF4B-00C04F79EFBC}") = "EMS.Infra.Data.Test", "EMS.Infra.Data.Test\EMS.Infra.Data.Test.csproj", "{2FBB0183-6CF4-4F19-A3B0-C18E15393716}"
EndProject
Global
	GlobalSection(SolutionConfigurationPlatforms) = preSolution
		Debug|Any CPU = Debug|Any CPU
		Release|Any CPU = Release|Any CPU
	EndGlobalSection
	GlobalSection(ProjectConfigurationPlatforms) = postSolution
		{E332A677-9335-4282-B882-4A3103C66F74}.Debug|Any CPU.ActiveCfg = Debug|Any CPU
		{E332A677-9335-4282-B882-4A3103C66F74}.Debug|Any CPU.Build.0 = Debug|Any CPU
		{E332A677-9335-4282-B882-4A3103C66F74}.Release|Any CPU.ActiveCfg = Release|Any CPU
		{E332A677-9335-4282-B882-4A3103C66F74}.Release|Any CPU.Build.0 = Release|Any CPU
		{5B727FC1-09B7-48F0-93E2-5D592E4DF071}.Debug|Any CPU.ActiveCfg = Debug|Any CPU
		{5B727FC1-09B7-48F0-93E2-5D592E4DF071}.Debug|Any CPU.Build.0 = Debug|Any CPU
		{5B727FC1-09B7-48F0-93E2-5D592E4DF071}.Release|Any CPU.ActiveCfg = Release|Any CPU
		{5B727FC1-09B7-48F0-93E2-5D592E4DF071}.Release|Any CPU.Build.0 = Release|Any CPU
		{3E80F895-155C-4C1B-8CBC-7F2534E5686C}.Debug|Any CPU.ActiveCfg = Debug|Any CPU
		{3E80F895-155C-4C1B-8CBC-7F2534E5686C}.Debug|Any CPU.Build.0 = Debug|Any CPU
		{3E80F895-155C-4C1B-8CBC-7F2534E5686C}.Release|Any CPU.ActiveCfg = Release|Any CPU
		{3E80F895-155C-4C1B-8CBC-7F2534E5686C}.Release|Any CPU.Build.0 = Release|Any CPU
		{40F1CD73-4668-4229-A13C-06476F276A26}.Debug|Any CPU.ActiveCfg = Debug|Any CPU
		{40F1CD73-4668-4229-A13C-06476F276A26}.Debug|Any CPU.Build.0 = Debug|Any CPU
		{40F1CD73-4668-4229-A13C-06476F276A26}.Release|Any CPU.ActiveCfg = Release|Any CPU
		{40F1CD73-4668-4229-A13C-06476F276A26}.Release|Any CPU.Build.0 = Release|Any CPU
		{B0A5A4CF-BA80-40A4-9058-C248381612B7}.Debug|Any CPU.ActiveCfg = Debug|Any CPU
		{B0A5A4CF-BA80-40A4-9058-C248381612B7}.Debug|Any CPU.Build.0 = Debug|Any CPU
		{B0A5A4CF-BA80-40A4-9058-C248381612B7}.Release|Any CPU.ActiveCfg = Release|Any CPU
		{B0A5A4CF-BA80-40A4-9058-C248381612B7}.Release|Any CPU.Build.0 = Release|Any CPU
		{01F213A3-92EA-49A8-9DF5-EF789C4CA217}.Debug|Any CPU.ActiveCfg = Debug|Any CPU
		{01F213A3-92EA-49A8-9DF5-EF789C4CA217}.Debug|Any CPU.Build.0 = Debug|Any CPU
		{01F213A3-92EA-49A8-9DF5-EF789C4CA217}.Release|Any CPU.ActiveCfg = Release|Any CPU
		{01F213A3-92EA-49A8-9DF5-EF789C4CA217}.Release|Any CPU.Build.0 = Release|Any CPU
		{B08951E0-93AF-4918-9DB3-7DEF78056C4B}.Debug|Any CPU.ActiveCfg = Debug|Any CPU
		{B08951E0-93AF-4918-9DB3-7DEF78056C4B}.Debug|Any CPU.Build.0 = Debug|Any CPU
		{B08951E0-93AF-4918-9DB3-7DEF78056C4B}.Release|Any CPU.ActiveCfg = Release|Any CPU
		{B08951E0-93AF-4918-9DB3-7DEF78056C4B}.Release|Any CPU.Build.0 = Release|Any CPU
		{16590E97-DB51-4A24-AA87-5187AB62AB7E}.Debug|Any CPU.ActiveCfg = Debug|Any CPU
		{16590E97-DB51-4A24-AA87-5187AB62AB7E}.Debug|Any CPU.Build.0 = Debug|Any CPU
		{16590E97-DB51-4A24-AA87-5187AB62AB7E}.Release|Any CPU.ActiveCfg = Release|Any CPU
		{16590E97-DB51-4A24-AA87-5187AB62AB7E}.Release|Any CPU.Build.0 = Release|Any CPU
		{ECCB98ED-66E4-41A9-BFF4-2A2B1046BCDC}.Debug|Any CPU.ActiveCfg = Debug|Any CPU
		{ECCB98ED-66E4-41A9-BFF4-2A2B1046BCDC}.Debug|Any CPU.Build.0 = Debug|Any CPU
		{ECCB98ED-66E4-41A9-BFF4-2A2B1046BCDC}.Release|Any CPU.ActiveCfg = Release|Any CPU
		{ECCB98ED-66E4-41A9-BFF4-2A2B1046BCDC}.Release|Any CPU.Build.0 = Release|Any CPU
		{77CDE134-D2DC-4283-AEFD-2ABDCD8D5977}.Debug|Any CPU.ActiveCfg = Debug|Any CPU
		{77CDE134-D2DC-4283-AEFD-2ABDCD8D5977}.Debug|Any CPU.Build.0 = Debug|Any CPU
		{77CDE134-D2DC-4283-AEFD-2ABDCD8D5977}.Release|Any CPU.ActiveCfg = Release|Any CPU
		{77CDE134-D2DC-4283-AEFD-2ABDCD8D5977}.Release|Any CPU.Build.0 = Release|Any CPU
		{2684ECAA-8187-4CBD-ADB8-555E22849F16}.Debug|Any CPU.ActiveCfg = Debug|Any CPU
		{2684ECAA-8187-4CBD-ADB8-555E22849F16}.Debug|Any CPU.Build.0 = Debug|Any CPU
		{2684ECAA-8187-4CBD-ADB8-555E22849F16}.Release|Any CPU.ActiveCfg = Release|Any CPU
		{2684ECAA-8187-4CBD-ADB8-555E22849F16}.Release|Any CPU.Build.0 = Release|Any CPU
		{E1B39912-036A-469A-944C-1A03AB4AFF15}.Debug|Any CPU.ActiveCfg = Debug|Any CPU
		{E1B39912-036A-469A-944C-1A03AB4AFF15}.Debug|Any CPU.Build.0 = Debug|Any CPU
		{E1B39912-036A-469A-944C-1A03AB4AFF15}.Release|Any CPU.ActiveCfg = Release|Any CPU
		{E1B39912-036A-469A-944C-1A03AB4AFF15}.Release|Any CPU.Build.0 = Release|Any CPU
		{AAD8D576-9ED3-4646-AAD6-5CD73492F82F}.Debug|Any CPU.ActiveCfg = Debug|Any CPU
		{AAD8D576-9ED3-4646-AAD6-5CD73492F82F}.Debug|Any CPU.Build.0 = Debug|Any CPU
		{AAD8D576-9ED3-4646-AAD6-5CD73492F82F}.Release|Any CPU.ActiveCfg = Release|Any CPU
		{AAD8D576-9ED3-4646-AAD6-5CD73492F82F}.Release|Any CPU.Build.0 = Release|Any CPU
		{2FBB0183-6CF4-4F19-A3B0-C18E15393716}.Debug|Any CPU.ActiveCfg = Debug|Any CPU
		{2FBB0183-6CF4-4F19-A3B0-C18E15393716}.Debug|Any CPU.Build.0 = Debug|Any CPU
		{2FBB0183-6CF4-4F19-A3B0-C18E15393716}.Release|Any CPU.ActiveCfg = Release|Any CPU
		{2FBB0183-6CF4-4F19-A3B0-C18E15393716}.Release|Any CPU.Build.0 = Release|Any CPU
	EndGlobalSection
	GlobalSection(SolutionProperties) = preSolution
		HideSolutionNode = FALSE
	EndGlobalSection
	GlobalSection(NestedProjects) = preSolution
		{34477C97-C90F-448B-A931-D51A0B347F79} = {A4003CD7-7BD6-4EDC-8CF4-589953634D86}
		{A9B76F82-758B-46E2-9182-E6D0320CF270} = {A4003CD7-7BD6-4EDC-8CF4-589953634D86}
		{E332A677-9335-4282-B882-4A3103C66F74} = {34477C97-C90F-448B-A931-D51A0B347F79}
		{5B727FC1-09B7-48F0-93E2-5D592E4DF071} = {2F0DC421-76F1-48CC-AF7B-91CF88423553}
		{3E80F895-155C-4C1B-8CBC-7F2534E5686C} = {2D1621F3-C206-4CCD-B883-66B84C2E3078}
		{40F1CD73-4668-4229-A13C-06476F276A26} = {FCED25DA-50A7-4CDD-BEAD-816765B8410B}
		{B0A5A4CF-BA80-40A4-9058-C248381612B7} = {F1D952D1-37F3-4B32-96E7-EEC566DFBAAC}
		{01F213A3-92EA-49A8-9DF5-EF789C4CA217} = {A9B76F82-758B-46E2-9182-E6D0320CF270}
		{B08951E0-93AF-4918-9DB3-7DEF78056C4B} = {2F0DC421-76F1-48CC-AF7B-91CF88423553}
		{16590E97-DB51-4A24-AA87-5187AB62AB7E} = {A9B76F82-758B-46E2-9182-E6D0320CF270}
		{ECCB98ED-66E4-41A9-BFF4-2A2B1046BCDC} = {CAF9E926-9507-4559-87FE-F660B31EF40E}
		{77CDE134-D2DC-4283-AEFD-2ABDCD8D5977} = {CAF9E926-9507-4559-87FE-F660B31EF40E}
		{2684ECAA-8187-4CBD-ADB8-555E22849F16} = {34477C97-C90F-448B-A931-D51A0B347F79}
		{E1B39912-036A-469A-944C-1A03AB4AFF15} = {34477C97-C90F-448B-A931-D51A0B347F79}
		{AAD8D576-9ED3-4646-AAD6-5CD73492F82F} = {34477C97-C90F-448B-A931-D51A0B347F79}
		{2FBB0183-6CF4-4F19-A3B0-C18E15393716} = {A9B76F82-758B-46E2-9182-E6D0320CF270}
	EndGlobalSection
EndGlobal
